
Microsoft Visual Studio Solution File, Format Version 12.00
# Visual Studio Version 17
VisualStudioVersion = 17.6.33829.357
MinimumVisualStudioVersion = 10.0.40219.1
Project("{9A19103F-16F7-4668-BE54-9A1E7A4F7556}") = "Exo01-Inversion", "Exo01-Inversion\Exo01-Inversion.csproj", "{3BE609C4-3A50-4375-9ADE-199A4AF09FB7}"
EndProject
Project("{9A19103F-16F7-4668-BE54-9A1E7A4F7556}") = "Exo02-ConvertisseurSecondes", "Exo02-ConvertisseurSecondes\Exo02-ConvertisseurSecondes.csproj", "{969F8CC6-C81A-4AE0-8FCE-432600017AEB}"
EndProject
Project("{9A19103F-16F7-4668-BE54-9A1E7A4F7556}") = "Ex01", "Ex01\Ex01.csproj", "{5C366CF1-E119-4397-822D-29076525A09B}"
EndProject
Project("{9A19103F-16F7-4668-BE54-9A1E7A4F7556}") = "Ex02", "Ex02\Ex02.csproj", "{39BD9C5B-73D9-4209-95EF-8DD4EA09D170}"
EndProject
Project("{9A19103F-16F7-4668-BE54-9A1E7A4F7556}") = "Ex03", "Ex03\Ex03.csproj", "{BCC5D339-1124-4B5A-8A67-CEC2F892FA5B}"
EndProject
Project("{9A19103F-16F7-4668-BE54-9A1E7A4F7556}") = "Ex04", "Ex04\Ex04.csproj", "{2CD77193-7ACD-4DE4-ABDB-13CEF0B5CEBA}"
EndProject
Project("{9A19103F-16F7-4668-BE54-9A1E7A4F7556}") = "Ex05", "Ex05\Ex05.csproj", "{21FC16DF-B801-49D1-B4EE-223662E4E619}"
EndProject
Project("{9A19103F-16F7-4668-BE54-9A1E7A4F7556}") = "Ex06", "Ex06\Ex06.csproj", "{5B3048CC-9FCF-4888-977E-9BD96E801DE7}"
EndProject
Project("{9A19103F-16F7-4668-BE54-9A1E7A4F7556}") = "Ex07", "Ex07\Ex07.csproj", "{361DDAC6-84AB-4614-B48D-6E0072746801}"
EndProject
Project("{9A19103F-16F7-4668-BE54-9A1E7A4F7556}") = "Ex08", "Ex08\Ex08.csproj", "{0CD8CA18-F4B0-41CE-A5B2-7A5B6F570EC3}"
EndProject
Project("{9A19103F-16F7-4668-BE54-9A1E7A4F7556}") = "Ex09", "Ex09\Ex09.csproj", "{04F3DE31-0B56-410F-84A9-A95675A2970D}"
EndProject
Project("{9A19103F-16F7-4668-BE54-9A1E7A4F7556}") = "Ex10", "Ex10\Ex10.csproj", "{B14A8E76-5EF8-4FB1-8AA3-2E25DABB1F17}"
EndProject
Project("{9A19103F-16F7-4668-BE54-9A1E7A4F7556}") = "Ex11", "Ex11\Ex11.csproj", "{02F9ABB9-E8C2-48DD-99FC-CD07452D5704}"
EndProject
Project("{9A19103F-16F7-4668-BE54-9A1E7A4F7556}") = "Ex12", "Ex12\Ex12.csproj", "{080E2FD7-F707-49FC-AD00-CD7805EC42F4}"
EndProject
Project("{9A19103F-16F7-4668-BE54-9A1E7A4F7556}") = "Ex13", "Ex13\Ex13.csproj", "{AE3532CA-745D-45F2-A037-E1E2E76F92AA}"
EndProject
Project("{9A19103F-16F7-4668-BE54-9A1E7A4F7556}") = "Ex14", "Ex14\Ex14.csproj", "{A573C873-513A-4E04-BD9D-8D893AA61F74}"
EndProject
Project("{2150E333-8FDC-42A3-9474-1A3956D46DE8}") = "Solutions Slides", "Solutions Slides", "{3D6A01ED-7CBD-4303-B5E6-D7D484F77DE1}"
EndProject
Project("{9A19103F-16F7-4668-BE54-9A1E7A4F7556}") = "Ex15-CalculEcrit", "Ex15-CalculEcrit\Ex15-CalculEcrit.csproj", "{C89F548E-00D6-4620-9847-AF7107FF5E4C}"
EndProject
Project("{FAE04EC0-301F-11D3-BF4B-00C04F79EFBC}") = "Ex16-TabStructure", "Ex16-TabStructure\Ex16-TabStructure.csproj", "{A8DB9F2C-3519-4564-A99F-748C6429B4C0}"
EndProject
Project("{FAE04EC0-301F-11D3-BF4B-00C04F79EFBC}") = "Exo17-Temperature", "Exo17-Temperature\Exo17-Temperature.csproj", "{5B0D6F28-92A0-45B0-BDE4-469BE8C4ACB8}"
EndProject
Project("{FAE04EC0-301F-11D3-BF4B-00C04F79EFBC}") = "Ex18-Equation", "Ex18-Equation\Ex18-Equation.csproj", "{8665CC1A-CE1F-4D00-8079-ACE98EA125C9}"
EndProject
Global
	GlobalSection(SolutionConfigurationPlatforms) = preSolution
		Debug|Any CPU = Debug|Any CPU
		Release|Any CPU = Release|Any CPU
	EndGlobalSection
	GlobalSection(ProjectConfigurationPlatforms) = postSolution
		{3BE609C4-3A50-4375-9ADE-199A4AF09FB7}.Debug|Any CPU.ActiveCfg = Debug|Any CPU
		{3BE609C4-3A50-4375-9ADE-199A4AF09FB7}.Debug|Any CPU.Build.0 = Debug|Any CPU
		{3BE609C4-3A50-4375-9ADE-199A4AF09FB7}.Release|Any CPU.ActiveCfg = Release|Any CPU
		{3BE609C4-3A50-4375-9ADE-199A4AF09FB7}.Release|Any CPU.Build.0 = Release|Any CPU
		{969F8CC6-C81A-4AE0-8FCE-432600017AEB}.Debug|Any CPU.ActiveCfg = Debug|Any CPU
		{969F8CC6-C81A-4AE0-8FCE-432600017AEB}.Debug|Any CPU.Build.0 = Debug|Any CPU
		{969F8CC6-C81A-4AE0-8FCE-432600017AEB}.Release|Any CPU.ActiveCfg = Release|Any CPU
		{969F8CC6-C81A-4AE0-8FCE-432600017AEB}.Release|Any CPU.Build.0 = Release|Any CPU
		{5C366CF1-E119-4397-822D-29076525A09B}.Debug|Any CPU.ActiveCfg = Debug|Any CPU
		{5C366CF1-E119-4397-822D-29076525A09B}.Debug|Any CPU.Build.0 = Debug|Any CPU
		{5C366CF1-E119-4397-822D-29076525A09B}.Release|Any CPU.ActiveCfg = Release|Any CPU
		{5C366CF1-E119-4397-822D-29076525A09B}.Release|Any CPU.Build.0 = Release|Any CPU
		{39BD9C5B-73D9-4209-95EF-8DD4EA09D170}.Debug|Any CPU.ActiveCfg = Debug|Any CPU
		{39BD9C5B-73D9-4209-95EF-8DD4EA09D170}.Debug|Any CPU.Build.0 = Debug|Any CPU
		{39BD9C5B-73D9-4209-95EF-8DD4EA09D170}.Release|Any CPU.ActiveCfg = Release|Any CPU
		{39BD9C5B-73D9-4209-95EF-8DD4EA09D170}.Release|Any CPU.Build.0 = Release|Any CPU
		{BCC5D339-1124-4B5A-8A67-CEC2F892FA5B}.Debug|Any CPU.ActiveCfg = Debug|Any CPU
		{BCC5D339-1124-4B5A-8A67-CEC2F892FA5B}.Debug|Any CPU.Build.0 = Debug|Any CPU
		{BCC5D339-1124-4B5A-8A67-CEC2F892FA5B}.Release|Any CPU.ActiveCfg = Release|Any CPU
		{BCC5D339-1124-4B5A-8A67-CEC2F892FA5B}.Release|Any CPU.Build.0 = Release|Any CPU
		{2CD77193-7ACD-4DE4-ABDB-13CEF0B5CEBA}.Debug|Any CPU.ActiveCfg = Debug|Any CPU
		{2CD77193-7ACD-4DE4-ABDB-13CEF0B5CEBA}.Debug|Any CPU.Build.0 = Debug|Any CPU
		{2CD77193-7ACD-4DE4-ABDB-13CEF0B5CEBA}.Release|Any CPU.ActiveCfg = Release|Any CPU
		{2CD77193-7ACD-4DE4-ABDB-13CEF0B5CEBA}.Release|Any CPU.Build.0 = Release|Any CPU
		{21FC16DF-B801-49D1-B4EE-223662E4E619}.Debug|Any CPU.ActiveCfg = Debug|Any CPU
		{21FC16DF-B801-49D1-B4EE-223662E4E619}.Debug|Any CPU.Build.0 = Debug|Any CPU
		{21FC16DF-B801-49D1-B4EE-223662E4E619}.Release|Any CPU.ActiveCfg = Release|Any CPU
		{21FC16DF-B801-49D1-B4EE-223662E4E619}.Release|Any CPU.Build.0 = Release|Any CPU
		{5B3048CC-9FCF-4888-977E-9BD96E801DE7}.Debug|Any CPU.ActiveCfg = Debug|Any CPU
		{5B3048CC-9FCF-4888-977E-9BD96E801DE7}.Debug|Any CPU.Build.0 = Debug|Any CPU
		{5B3048CC-9FCF-4888-977E-9BD96E801DE7}.Release|Any CPU.ActiveCfg = Release|Any CPU
		{5B3048CC-9FCF-4888-977E-9BD96E801DE7}.Release|Any CPU.Build.0 = Release|Any CPU
		{361DDAC6-84AB-4614-B48D-6E0072746801}.Debug|Any CPU.ActiveCfg = Debug|Any CPU
		{361DDAC6-84AB-4614-B48D-6E0072746801}.Debug|Any CPU.Build.0 = Debug|Any CPU
		{361DDAC6-84AB-4614-B48D-6E0072746801}.Release|Any CPU.ActiveCfg = Release|Any CPU
		{361DDAC6-84AB-4614-B48D-6E0072746801}.Release|Any CPU.Build.0 = Release|Any CPU
		{0CD8CA18-F4B0-41CE-A5B2-7A5B6F570EC3}.Debug|Any CPU.ActiveCfg = Debug|Any CPU
		{0CD8CA18-F4B0-41CE-A5B2-7A5B6F570EC3}.Debug|Any CPU.Build.0 = Debug|Any CPU
		{0CD8CA18-F4B0-41CE-A5B2-7A5B6F570EC3}.Release|Any CPU.ActiveCfg = Release|Any CPU
		{0CD8CA18-F4B0-41CE-A5B2-7A5B6F570EC3}.Release|Any CPU.Build.0 = Release|Any CPU
		{04F3DE31-0B56-410F-84A9-A95675A2970D}.Debug|Any CPU.ActiveCfg = Debug|Any CPU
		{04F3DE31-0B56-410F-84A9-A95675A2970D}.Debug|Any CPU.Build.0 = Debug|Any CPU
		{04F3DE31-0B56-410F-84A9-A95675A2970D}.Release|Any CPU.ActiveCfg = Release|Any CPU
		{04F3DE31-0B56-410F-84A9-A95675A2970D}.Release|Any CPU.Build.0 = Release|Any CPU
		{B14A8E76-5EF8-4FB1-8AA3-2E25DABB1F17}.Debug|Any CPU.ActiveCfg = Debug|Any CPU
		{B14A8E76-5EF8-4FB1-8AA3-2E25DABB1F17}.Debug|Any CPU.Build.0 = Debug|Any CPU
		{B14A8E76-5EF8-4FB1-8AA3-2E25DABB1F17}.Release|Any CPU.ActiveCfg = Release|Any CPU
		{B14A8E76-5EF8-4FB1-8AA3-2E25DABB1F17}.Release|Any CPU.Build.0 = Release|Any CPU
		{02F9ABB9-E8C2-48DD-99FC-CD07452D5704}.Debug|Any CPU.ActiveCfg = Debug|Any CPU
		{02F9ABB9-E8C2-48DD-99FC-CD07452D5704}.Debug|Any CPU.Build.0 = Debug|Any CPU
		{02F9ABB9-E8C2-48DD-99FC-CD07452D5704}.Release|Any CPU.ActiveCfg = Release|Any CPU
		{02F9ABB9-E8C2-48DD-99FC-CD07452D5704}.Release|Any CPU.Build.0 = Release|Any CPU
		{080E2FD7-F707-49FC-AD00-CD7805EC42F4}.Debug|Any CPU.ActiveCfg = Debug|Any CPU
		{080E2FD7-F707-49FC-AD00-CD7805EC42F4}.Debug|Any CPU.Build.0 = Debug|Any CPU
		{080E2FD7-F707-49FC-AD00-CD7805EC42F4}.Release|Any CPU.ActiveCfg = Release|Any CPU
		{080E2FD7-F707-49FC-AD00-CD7805EC42F4}.Release|Any CPU.Build.0 = Release|Any CPU
		{AE3532CA-745D-45F2-A037-E1E2E76F92AA}.Debug|Any CPU.ActiveCfg = Debug|Any CPU
		{AE3532CA-745D-45F2-A037-E1E2E76F92AA}.Debug|Any CPU.Build.0 = Debug|Any CPU
		{AE3532CA-745D-45F2-A037-E1E2E76F92AA}.Release|Any CPU.ActiveCfg = Release|Any CPU
		{AE3532CA-745D-45F2-A037-E1E2E76F92AA}.Release|Any CPU.Build.0 = Release|Any CPU
		{A573C873-513A-4E04-BD9D-8D893AA61F74}.Debug|Any CPU.ActiveCfg = Debug|Any CPU
		{A573C873-513A-4E04-BD9D-8D893AA61F74}.Debug|Any CPU.Build.0 = Debug|Any CPU
		{A573C873-513A-4E04-BD9D-8D893AA61F74}.Release|Any CPU.ActiveCfg = Release|Any CPU
		{A573C873-513A-4E04-BD9D-8D893AA61F74}.Release|Any CPU.Build.0 = Release|Any CPU
		{C89F548E-00D6-4620-9847-AF7107FF5E4C}.Debug|Any CPU.ActiveCfg = Debug|Any CPU
		{C89F548E-00D6-4620-9847-AF7107FF5E4C}.Debug|Any CPU.Build.0 = Debug|Any CPU
		{C89F548E-00D6-4620-9847-AF7107FF5E4C}.Release|Any CPU.ActiveCfg = Release|Any CPU
		{C89F548E-00D6-4620-9847-AF7107FF5E4C}.Release|Any CPU.Build.0 = Release|Any CPU
		{A8DB9F2C-3519-4564-A99F-748C6429B4C0}.Debug|Any CPU.ActiveCfg = Debug|Any CPU
		{A8DB9F2C-3519-4564-A99F-748C6429B4C0}.Debug|Any CPU.Build.0 = Debug|Any CPU
		{A8DB9F2C-3519-4564-A99F-748C6429B4C0}.Release|Any CPU.ActiveCfg = Release|Any CPU
		{A8DB9F2C-3519-4564-A99F-748C6429B4C0}.Release|Any CPU.Build.0 = Release|Any CPU
		{5B0D6F28-92A0-45B0-BDE4-469BE8C4ACB8}.Debug|Any CPU.ActiveCfg = Debug|Any CPU
		{5B0D6F28-92A0-45B0-BDE4-469BE8C4ACB8}.Debug|Any CPU.Build.0 = Debug|Any CPU
		{5B0D6F28-92A0-45B0-BDE4-469BE8C4ACB8}.Release|Any CPU.ActiveCfg = Release|Any CPU
		{5B0D6F28-92A0-45B0-BDE4-469BE8C4ACB8}.Release|Any CPU.Build.0 = Release|Any CPU
		{8665CC1A-CE1F-4D00-8079-ACE98EA125C9}.Debug|Any CPU.ActiveCfg = Debug|Any CPU
		{8665CC1A-CE1F-4D00-8079-ACE98EA125C9}.Debug|Any CPU.Build.0 = Debug|Any CPU
		{8665CC1A-CE1F-4D00-8079-ACE98EA125C9}.Release|Any CPU.ActiveCfg = Release|Any CPU
		{8665CC1A-CE1F-4D00-8079-ACE98EA125C9}.Release|Any CPU.Build.0 = Release|Any CPU
	EndGlobalSection
	GlobalSection(SolutionProperties) = preSolution
		HideSolutionNode = FALSE
	EndGlobalSection
	GlobalSection(NestedProjects) = preSolution
		{5C366CF1-E119-4397-822D-29076525A09B} = {3D6A01ED-7CBD-4303-B5E6-D7D484F77DE1}
		{39BD9C5B-73D9-4209-95EF-8DD4EA09D170} = {3D6A01ED-7CBD-4303-B5E6-D7D484F77DE1}
		{BCC5D339-1124-4B5A-8A67-CEC2F892FA5B} = {3D6A01ED-7CBD-4303-B5E6-D7D484F77DE1}
		{2CD77193-7ACD-4DE4-ABDB-13CEF0B5CEBA} = {3D6A01ED-7CBD-4303-B5E6-D7D484F77DE1}
		{21FC16DF-B801-49D1-B4EE-223662E4E619} = {3D6A01ED-7CBD-4303-B5E6-D7D484F77DE1}
		{5B3048CC-9FCF-4888-977E-9BD96E801DE7} = {3D6A01ED-7CBD-4303-B5E6-D7D484F77DE1}
		{361DDAC6-84AB-4614-B48D-6E0072746801} = {3D6A01ED-7CBD-4303-B5E6-D7D484F77DE1}
		{0CD8CA18-F4B0-41CE-A5B2-7A5B6F570EC3} = {3D6A01ED-7CBD-4303-B5E6-D7D484F77DE1}
		{04F3DE31-0B56-410F-84A9-A95675A2970D} = {3D6A01ED-7CBD-4303-B5E6-D7D484F77DE1}
		{B14A8E76-5EF8-4FB1-8AA3-2E25DABB1F17} = {3D6A01ED-7CBD-4303-B5E6-D7D484F77DE1}
		{02F9ABB9-E8C2-48DD-99FC-CD07452D5704} = {3D6A01ED-7CBD-4303-B5E6-D7D484F77DE1}
		{080E2FD7-F707-49FC-AD00-CD7805EC42F4} = {3D6A01ED-7CBD-4303-B5E6-D7D484F77DE1}
		{AE3532CA-745D-45F2-A037-E1E2E76F92AA} = {3D6A01ED-7CBD-4303-B5E6-D7D484F77DE1}
		{A573C873-513A-4E04-BD9D-8D893AA61F74} = {3D6A01ED-7CBD-4303-B5E6-D7D484F77DE1}
		{C89F548E-00D6-4620-9847-AF7107FF5E4C} = {3D6A01ED-7CBD-4303-B5E6-D7D484F77DE1}
		{A8DB9F2C-3519-4564-A99F-748C6429B4C0} = {3D6A01ED-7CBD-4303-B5E6-D7D484F77DE1}
		{5B0D6F28-92A0-45B0-BDE4-469BE8C4ACB8} = {3D6A01ED-7CBD-4303-B5E6-D7D484F77DE1}
		{8665CC1A-CE1F-4D00-8079-ACE98EA125C9} = {3D6A01ED-7CBD-4303-B5E6-D7D484F77DE1}
	EndGlobalSection
	GlobalSection(ExtensibilityGlobals) = postSolution
		SolutionGuid = {40E4CD3A-0FA7-455E-AB64-06257DAD335D}
	EndGlobalSection
EndGlobal
